
Microsoft Visual Studio Solution File, Format Version 12.00
# Visual Studio Version 17
VisualStudioVersion = 17.10.35027.167
MinimumVisualStudioVersion = 10.0.40219.1
Project("{FAE04EC0-301F-11D3-BF4B-00C04F79EFBC}") = "AI_ServiceProvider", "AI_ServiceProvider\AI_ServiceProvider.csproj", "{815CA4AD-0474-4032-875F-0034925BD54A}"
EndProject
Global
	GlobalSection(SolutionConfigurationPlatforms) = preSolution
		Debug|Any CPU = Debug|Any CPU
		Release|Any CPU = Release|Any CPU
	EndGlobalSection
	GlobalSection(ProjectConfigurationPlatforms) = postSolution
		{815CA4AD-0474-4032-875F-0034925BD54A}.Debug|Any CPU.ActiveCfg = Debug|Any CPU
		{815CA4AD-0474-4032-875F-0034925BD54A}.Debug|Any CPU.Build.0 = Debug|Any CPU
		{815CA4AD-0474-4032-875F-0034925BD54A}.Release|Any CPU.ActiveCfg = Release|Any CPU
		{815CA4AD-0474-4032-875F-0034925BD54A}.Release|Any CPU.Build.0 = Release|Any CPU
	EndGlobalSection
	GlobalSection(SolutionProperties) = preSolution
		HideSolutionNode = FALSE
	EndGlobalSection
	GlobalSection(ExtensibilityGlobals) = postSolution
		SolutionGuid = {90E81C9F-E8A4-4B7B-8C65-886EF8C934DB}
	EndGlobalSection
EndGlobal
